
Microsoft Visual Studio Solution File, Format Version 12.00
# Visual Studio Version 16
VisualStudioVersion = 16.0.29905.134
MinimumVisualStudioVersion = 10.0.40219.1
Project("{FAE04EC0-301F-11D3-BF4B-00C04F79EFBC}") = "Упражнение 4", "Упражнение 4\Упражнение 4.csproj", "{61C982D7-A713-43BC-9612-1751CE56213E}"
EndProject
Global
	GlobalSection(SolutionConfigurationPlatforms) = preSolution
		Debug|Any CPU = Debug|Any CPU
		Release|Any CPU = Release|Any CPU
	EndGlobalSection
	GlobalSection(ProjectConfigurationPlatforms) = postSolution
		{61C982D7-A713-43BC-9612-1751CE56213E}.Debug|Any CPU.ActiveCfg = Debug|Any CPU
		{61C982D7-A713-43BC-9612-1751CE56213E}.Debug|Any CPU.Build.0 = Debug|Any CPU
		{61C982D7-A713-43BC-9612-1751CE56213E}.Release|Any CPU.ActiveCfg = Release|Any CPU
		{61C982D7-A713-43BC-9612-1751CE56213E}.Release|Any CPU.Build.0 = Release|Any CPU
	EndGlobalSection
	GlobalSection(SolutionProperties) = preSolution
		HideSolutionNode = FALSE
	EndGlobalSection
	GlobalSection(ExtensibilityGlobals) = postSolution
		SolutionGuid = {BE2F4E2F-A21D-4894-B3E7-9BDBAECD962C}
	EndGlobalSection
EndGlobal
