
Microsoft Visual Studio Solution File, Format Version 12.00
# Visual Studio Version 16
VisualStudioVersion = 16.0.30104.148
MinimumVisualStudioVersion = 10.0.40219.1
Project("{FAE04EC0-301F-11D3-BF4B-00C04F79EFBC}") = "Edy_center", "Edy_center\Edy_center.csproj", "{DB3C5367-6984-48E7-853C-4CE008D4EFC9}"
EndProject
Project("{FAE04EC0-301F-11D3-BF4B-00C04F79EFBC}") = "Persons", "Persons\Persons.csproj", "{7398D73A-7E0F-4CD0-8DBE-DD82C8D70B0A}"
EndProject
Global
	GlobalSection(SolutionConfigurationPlatforms) = preSolution
		Debug|Any CPU = Debug|Any CPU
		Release|Any CPU = Release|Any CPU
	EndGlobalSection
	GlobalSection(ProjectConfigurationPlatforms) = postSolution
		{DB3C5367-6984-48E7-853C-4CE008D4EFC9}.Debug|Any CPU.ActiveCfg = Debug|Any CPU
		{DB3C5367-6984-48E7-853C-4CE008D4EFC9}.Debug|Any CPU.Build.0 = Debug|Any CPU
		{DB3C5367-6984-48E7-853C-4CE008D4EFC9}.Release|Any CPU.ActiveCfg = Release|Any CPU
		{DB3C5367-6984-48E7-853C-4CE008D4EFC9}.Release|Any CPU.Build.0 = Release|Any CPU
		{7398D73A-7E0F-4CD0-8DBE-DD82C8D70B0A}.Debug|Any CPU.ActiveCfg = Debug|Any CPU
		{7398D73A-7E0F-4CD0-8DBE-DD82C8D70B0A}.Debug|Any CPU.Build.0 = Debug|Any CPU
		{7398D73A-7E0F-4CD0-8DBE-DD82C8D70B0A}.Release|Any CPU.ActiveCfg = Release|Any CPU
		{7398D73A-7E0F-4CD0-8DBE-DD82C8D70B0A}.Release|Any CPU.Build.0 = Release|Any CPU
	EndGlobalSection
	GlobalSection(SolutionProperties) = preSolution
		HideSolutionNode = FALSE
	EndGlobalSection
	GlobalSection(ExtensibilityGlobals) = postSolution
		SolutionGuid = {E0030834-BFE9-4382-945A-66ADFD9C08A1}
	EndGlobalSection
EndGlobal
