
Microsoft Visual Studio Solution File, Format Version 12.00
# Visual Studio Version 16
VisualStudioVersion = 16.0.29905.134
MinimumVisualStudioVersion = 10.0.40219.1
Project("{FAE04EC0-301F-11D3-BF4B-00C04F79EFBC}") = "Упражнение 1_Задание 3", "Упражнение 1_Задание 3\Упражнение 1_Задание 3.csproj", "{ADA1D5FA-3CAA-4A96-A3FD-CD5DCFE9A44C}"
EndProject
Global
	GlobalSection(SolutionConfigurationPlatforms) = preSolution
		Debug|Any CPU = Debug|Any CPU
		Release|Any CPU = Release|Any CPU
	EndGlobalSection
	GlobalSection(ProjectConfigurationPlatforms) = postSolution
		{ADA1D5FA-3CAA-4A96-A3FD-CD5DCFE9A44C}.Debug|Any CPU.ActiveCfg = Debug|Any CPU
		{ADA1D5FA-3CAA-4A96-A3FD-CD5DCFE9A44C}.Debug|Any CPU.Build.0 = Debug|Any CPU
		{ADA1D5FA-3CAA-4A96-A3FD-CD5DCFE9A44C}.Release|Any CPU.ActiveCfg = Release|Any CPU
		{ADA1D5FA-3CAA-4A96-A3FD-CD5DCFE9A44C}.Release|Any CPU.Build.0 = Release|Any CPU
	EndGlobalSection
	GlobalSection(SolutionProperties) = preSolution
		HideSolutionNode = FALSE
	EndGlobalSection
	GlobalSection(ExtensibilityGlobals) = postSolution
		SolutionGuid = {DD319FAA-F330-4CC4-9518-2E42A2BB7441}
	EndGlobalSection
EndGlobal
