
Microsoft Visual Studio Solution File, Format Version 12.00
# Visual Studio Version 16
VisualStudioVersion = 16.0.29806.167
MinimumVisualStudioVersion = 10.0.40219.1
Project("{FAE04EC0-301F-11D3-BF4B-00C04F79EFBC}") = "StructType", "StructType\StructType.csproj", "{D66BE10E-81AA-40A6-8BEB-577A10AACA82}"
EndProject
Global
	GlobalSection(SolutionConfigurationPlatforms) = preSolution
		Debug|Any CPU = Debug|Any CPU
		Release|Any CPU = Release|Any CPU
	EndGlobalSection
	GlobalSection(ProjectConfigurationPlatforms) = postSolution
		{D66BE10E-81AA-40A6-8BEB-577A10AACA82}.Debug|Any CPU.ActiveCfg = Debug|Any CPU
		{D66BE10E-81AA-40A6-8BEB-577A10AACA82}.Debug|Any CPU.Build.0 = Debug|Any CPU
		{D66BE10E-81AA-40A6-8BEB-577A10AACA82}.Release|Any CPU.ActiveCfg = Release|Any CPU
		{D66BE10E-81AA-40A6-8BEB-577A10AACA82}.Release|Any CPU.Build.0 = Release|Any CPU
	EndGlobalSection
	GlobalSection(SolutionProperties) = preSolution
		HideSolutionNode = FALSE
	EndGlobalSection
	GlobalSection(ExtensibilityGlobals) = postSolution
		SolutionGuid = {021BFBA3-1C52-4E27-9850-6E7BEE9B1DA7}
	EndGlobalSection
EndGlobal
