
Microsoft Visual Studio Solution File, Format Version 12.00
# Visual Studio Version 16
VisualStudioVersion = 16.0.29905.134
MinimumVisualStudioVersion = 10.0.40219.1
Project("{FAE04EC0-301F-11D3-BF4B-00C04F79EFBC}") = "Calc_switch", "Calc_switch\Calc_switch.csproj", "{D937BC51-FAF7-46D7-8AD2-195EA80EA380}"
EndProject
Global
	GlobalSection(SolutionConfigurationPlatforms) = preSolution
		Debug|Any CPU = Debug|Any CPU
		Release|Any CPU = Release|Any CPU
	EndGlobalSection
	GlobalSection(ProjectConfigurationPlatforms) = postSolution
		{D937BC51-FAF7-46D7-8AD2-195EA80EA380}.Debug|Any CPU.ActiveCfg = Debug|Any CPU
		{D937BC51-FAF7-46D7-8AD2-195EA80EA380}.Debug|Any CPU.Build.0 = Debug|Any CPU
		{D937BC51-FAF7-46D7-8AD2-195EA80EA380}.Release|Any CPU.ActiveCfg = Release|Any CPU
		{D937BC51-FAF7-46D7-8AD2-195EA80EA380}.Release|Any CPU.Build.0 = Release|Any CPU
	EndGlobalSection
	GlobalSection(SolutionProperties) = preSolution
		HideSolutionNode = FALSE
	EndGlobalSection
	GlobalSection(ExtensibilityGlobals) = postSolution
		SolutionGuid = {C9996B57-0573-4C06-870A-208BF16298AA}
	EndGlobalSection
EndGlobal
